
Microsoft Visual Studio Solution File, Format Version 12.00
Project("{FAE04EC0-301F-11D3-BF4B-00C04F79EFBC}") = "MyMatrix", "MyMatrix\MyMatrix.csproj", "{EB0F6BA3-7630-4694-BBE2-7345E542302D}"
EndProject
Project("{FAE04EC0-301F-11D3-BF4B-00C04F79EFBC}") = "MyList", "MyList\MyList.csproj", "{B939B413-F222-468C-87DA-3B718CC2439C}"
EndProject
Project("{FAE04EC0-301F-11D3-BF4B-00C04F79EFBC}") = "MyDic", "MyDic\MyDic.csproj", "{45D4D9E5-646A-471B-9727-2DCFEEB34CAD}"
EndProject
Global
	GlobalSection(SolutionConfigurationPlatforms) = preSolution
		Debug|Any CPU = Debug|Any CPU
		Release|Any CPU = Release|Any CPU
	EndGlobalSection
	GlobalSection(ProjectConfigurationPlatforms) = postSolution
		{EB0F6BA3-7630-4694-BBE2-7345E542302D}.Debug|Any CPU.ActiveCfg = Debug|Any CPU
		{EB0F6BA3-7630-4694-BBE2-7345E542302D}.Debug|Any CPU.Build.0 = Debug|Any CPU
		{EB0F6BA3-7630-4694-BBE2-7345E542302D}.Release|Any CPU.ActiveCfg = Release|Any CPU
		{EB0F6BA3-7630-4694-BBE2-7345E542302D}.Release|Any CPU.Build.0 = Release|Any CPU
		{B939B413-F222-468C-87DA-3B718CC2439C}.Debug|Any CPU.ActiveCfg = Debug|Any CPU
		{B939B413-F222-468C-87DA-3B718CC2439C}.Debug|Any CPU.Build.0 = Debug|Any CPU
		{B939B413-F222-468C-87DA-3B718CC2439C}.Release|Any CPU.ActiveCfg = Release|Any CPU
		{B939B413-F222-468C-87DA-3B718CC2439C}.Release|Any CPU.Build.0 = Release|Any CPU
		{45D4D9E5-646A-471B-9727-2DCFEEB34CAD}.Debug|Any CPU.ActiveCfg = Debug|Any CPU
		{45D4D9E5-646A-471B-9727-2DCFEEB34CAD}.Debug|Any CPU.Build.0 = Debug|Any CPU
		{45D4D9E5-646A-471B-9727-2DCFEEB34CAD}.Release|Any CPU.ActiveCfg = Release|Any CPU
		{45D4D9E5-646A-471B-9727-2DCFEEB34CAD}.Release|Any CPU.Build.0 = Release|Any CPU
	EndGlobalSection
EndGlobal
